
Microsoft Visual Studio Solution File, Format Version 12.00
# Visual Studio 14
VisualStudioVersion = 14.0.25420.1
MinimumVisualStudioVersion = 10.0.40219.1
Project("{FAE04EC0-301F-11D3-BF4B-00C04F79EFBC}") = "Dich_vu_Du_lieu", "Dich_vu_Du_lieu\Dich_vu_Du_lieu.csproj", "{8FCF1AEE-07A2-4DFE-9252-AF5EF617FD16}"
EndProject
Project("{FAE04EC0-301F-11D3-BF4B-00C04F79EFBC}") = "Doc_Du_lieu_co_Cau_truc_Cuc_bo", "Doc_Du_lieu_co_Cau_truc_Cuc_bo\Doc_Du_lieu_co_Cau_truc_Cuc_bo.csproj", "{347E8F47-3713-42E7-B900-D8325662A2B9}"
EndProject
Project("{FAE04EC0-301F-11D3-BF4B-00C04F79EFBC}") = "Doc_Du_lieu_co_Cau_truc_Internet", "Doc_Du_lieu_co_Cau_truc_Internet\Doc_Du_lieu_co_Cau_truc_Internet.csproj", "{BEA07F8C-E568-473D-997E-56454B8B1D55}"
	ProjectSection(ProjectDependencies) = postProject
		{8FCF1AEE-07A2-4DFE-9252-AF5EF617FD16} = {8FCF1AEE-07A2-4DFE-9252-AF5EF617FD16}
	EndProjectSection
EndProject
Global
	GlobalSection(SolutionConfigurationPlatforms) = preSolution
		Debug|Any CPU = Debug|Any CPU
		Release|Any CPU = Release|Any CPU
	EndGlobalSection
	GlobalSection(ProjectConfigurationPlatforms) = postSolution
		{8FCF1AEE-07A2-4DFE-9252-AF5EF617FD16}.Debug|Any CPU.ActiveCfg = Debug|Any CPU
		{8FCF1AEE-07A2-4DFE-9252-AF5EF617FD16}.Debug|Any CPU.Build.0 = Debug|Any CPU
		{8FCF1AEE-07A2-4DFE-9252-AF5EF617FD16}.Release|Any CPU.ActiveCfg = Release|Any CPU
		{8FCF1AEE-07A2-4DFE-9252-AF5EF617FD16}.Release|Any CPU.Build.0 = Release|Any CPU
		{347E8F47-3713-42E7-B900-D8325662A2B9}.Debug|Any CPU.ActiveCfg = Debug|Any CPU
		{347E8F47-3713-42E7-B900-D8325662A2B9}.Debug|Any CPU.Build.0 = Debug|Any CPU
		{347E8F47-3713-42E7-B900-D8325662A2B9}.Release|Any CPU.ActiveCfg = Release|Any CPU
		{347E8F47-3713-42E7-B900-D8325662A2B9}.Release|Any CPU.Build.0 = Release|Any CPU
		{BEA07F8C-E568-473D-997E-56454B8B1D55}.Debug|Any CPU.ActiveCfg = Debug|Any CPU
		{BEA07F8C-E568-473D-997E-56454B8B1D55}.Debug|Any CPU.Build.0 = Debug|Any CPU
		{BEA07F8C-E568-473D-997E-56454B8B1D55}.Release|Any CPU.ActiveCfg = Release|Any CPU
		{BEA07F8C-E568-473D-997E-56454B8B1D55}.Release|Any CPU.Build.0 = Release|Any CPU
	EndGlobalSection
	GlobalSection(SolutionProperties) = preSolution
		HideSolutionNode = FALSE
	EndGlobalSection
EndGlobal
