
Microsoft Visual Studio Solution File, Format Version 12.00
# Visual Studio 2013
VisualStudioVersion = 12.0.21005.1
MinimumVisualStudioVersion = 10.0.40219.1
Project("{FAE04EC0-301F-11D3-BF4B-00C04F79EFBC}") = "FORM_DO_AN", "FORM_DO_AN\FORM_DO_AN.csproj", "{B20AE519-A08A-4725-BA74-C0CBA8D74DC3}"
EndProject
Project("{FAE04EC0-301F-11D3-BF4B-00C04F79EFBC}") = "DICH_VU_DU_LIEU", "DICH_VU_DU_LIEU\DICH_VU_DU_LIEU.csproj", "{AFF8A7EC-34AF-467B-932E-17BAF38CB349}"
EndProject
Global
	GlobalSection(SolutionConfigurationPlatforms) = preSolution
		Debug|Any CPU = Debug|Any CPU
		Release|Any CPU = Release|Any CPU
	EndGlobalSection
	GlobalSection(ProjectConfigurationPlatforms) = postSolution
		{B20AE519-A08A-4725-BA74-C0CBA8D74DC3}.Debug|Any CPU.ActiveCfg = Debug|Any CPU
		{B20AE519-A08A-4725-BA74-C0CBA8D74DC3}.Debug|Any CPU.Build.0 = Debug|Any CPU
		{B20AE519-A08A-4725-BA74-C0CBA8D74DC3}.Release|Any CPU.ActiveCfg = Release|Any CPU
		{B20AE519-A08A-4725-BA74-C0CBA8D74DC3}.Release|Any CPU.Build.0 = Release|Any CPU
		{AFF8A7EC-34AF-467B-932E-17BAF38CB349}.Debug|Any CPU.ActiveCfg = Debug|Any CPU
		{AFF8A7EC-34AF-467B-932E-17BAF38CB349}.Debug|Any CPU.Build.0 = Debug|Any CPU
		{AFF8A7EC-34AF-467B-932E-17BAF38CB349}.Release|Any CPU.ActiveCfg = Release|Any CPU
		{AFF8A7EC-34AF-467B-932E-17BAF38CB349}.Release|Any CPU.Build.0 = Release|Any CPU
	EndGlobalSection
	GlobalSection(SolutionProperties) = preSolution
		HideSolutionNode = FALSE
	EndGlobalSection
EndGlobal
