
Microsoft Visual Studio Solution File, Format Version 12.00
# Visual Studio 14
VisualStudioVersion = 14.0.25420.1
MinimumVisualStudioVersion = 10.0.40219.1
Project("{FAE04EC0-301F-11D3-BF4B-00C04F79EFBC}") = "QLCT_Tra_cuu", "QLCT_Tra_cuu\QLCT_Tra_cuu.csproj", "{08806115-B7E4-41D4-8515-F674214B5502}"
EndProject
Project("{FAE04EC0-301F-11D3-BF4B-00C04F79EFBC}") = "QLCN_Tra_cuu", "QLCN_Tra_cuu\QLCN_Tra_cuu.csproj", "{A8788736-D61C-411F-B46F-8C5A7DE264FD}"
EndProject
Project("{FAE04EC0-301F-11D3-BF4B-00C04F79EFBC}") = "QLDV_Tra_cuu", "QLDV_Tra_cuu\QLDV_Tra_cuu.csproj", "{C87B0C27-23B2-4653-B60E-5297732EB89B}"
EndProject
Global
	GlobalSection(SolutionConfigurationPlatforms) = preSolution
		Debug|Any CPU = Debug|Any CPU
		Release|Any CPU = Release|Any CPU
	EndGlobalSection
	GlobalSection(ProjectConfigurationPlatforms) = postSolution
		{08806115-B7E4-41D4-8515-F674214B5502}.Debug|Any CPU.ActiveCfg = Debug|Any CPU
		{08806115-B7E4-41D4-8515-F674214B5502}.Debug|Any CPU.Build.0 = Debug|Any CPU
		{08806115-B7E4-41D4-8515-F674214B5502}.Release|Any CPU.ActiveCfg = Release|Any CPU
		{08806115-B7E4-41D4-8515-F674214B5502}.Release|Any CPU.Build.0 = Release|Any CPU
		{A8788736-D61C-411F-B46F-8C5A7DE264FD}.Debug|Any CPU.ActiveCfg = Debug|Any CPU
		{A8788736-D61C-411F-B46F-8C5A7DE264FD}.Debug|Any CPU.Build.0 = Debug|Any CPU
		{A8788736-D61C-411F-B46F-8C5A7DE264FD}.Release|Any CPU.ActiveCfg = Release|Any CPU
		{A8788736-D61C-411F-B46F-8C5A7DE264FD}.Release|Any CPU.Build.0 = Release|Any CPU
		{C87B0C27-23B2-4653-B60E-5297732EB89B}.Debug|Any CPU.ActiveCfg = Debug|Any CPU
		{C87B0C27-23B2-4653-B60E-5297732EB89B}.Debug|Any CPU.Build.0 = Debug|Any CPU
		{C87B0C27-23B2-4653-B60E-5297732EB89B}.Release|Any CPU.ActiveCfg = Release|Any CPU
		{C87B0C27-23B2-4653-B60E-5297732EB89B}.Release|Any CPU.Build.0 = Release|Any CPU
	EndGlobalSection
	GlobalSection(SolutionProperties) = preSolution
		HideSolutionNode = FALSE
	EndGlobalSection
EndGlobal
